
Microsoft Visual Studio Solution File, Format Version 12.00
# Visual Studio Version 16
VisualStudioVersion = 16.0.34729.46
MinimumVisualStudioVersion = 10.0.40219.1
Project("{FAE04EC0-301F-11D3-BF4B-00C04F79EFBC}") = "MathGame", "MathGame.csproj", "{F7FFBA38-B7AF-474C-AE1F-CD15819BFEEC}"
EndProject
Global
	GlobalSection(SolutionConfigurationPlatforms) = preSolution
		Debug|Any CPU = Debug|Any CPU
		Release|Any CPU = Release|Any CPU
	EndGlobalSection
	GlobalSection(ProjectConfigurationPlatforms) = postSolution
		{F7FFBA38-B7AF-474C-AE1F-CD15819BFEEC}.Debug|Any CPU.ActiveCfg = Debug|Any CPU
		{F7FFBA38-B7AF-474C-AE1F-CD15819BFEEC}.Debug|Any CPU.Build.0 = Debug|Any CPU
		{F7FFBA38-B7AF-474C-AE1F-CD15819BFEEC}.Release|Any CPU.ActiveCfg = Release|Any CPU
		{F7FFBA38-B7AF-474C-AE1F-CD15819BFEEC}.Release|Any CPU.Build.0 = Release|Any CPU
	EndGlobalSection
	GlobalSection(SolutionProperties) = preSolution
		HideSolutionNode = FALSE
	EndGlobalSection
	GlobalSection(ExtensibilityGlobals) = postSolution
		SolutionGuid = {AA583E78-4CBF-4118-B01B-4B0B2CF5849E}
	EndGlobalSection
EndGlobal
